
Microsoft Visual Studio Solution File, Format Version 12.00
# Visual Studio Version 17
VisualStudioVersion = 17.4.33205.214
MinimumVisualStudioVersion = 10.0.40219.1
Project("{9A19103F-16F7-4668-BE54-9A1E7A4F7556}") = "Arrays and Strings", "Arrays and Strings\Arrays and Strings.csproj", "{82A69BC6-9369-40AC-82C9-648AAF2C15FA}"
EndProject
Project("{FAE04EC0-301F-11D3-BF4B-00C04F79EFBC}") = "Arrays and Strings Unit Test", "Arrays and Strings Unit Test\Arrays and Strings Unit Test.csproj", "{000116CB-BCE6-4C4F-8FCD-C3AB99AD35DB}"
EndProject
Global
	GlobalSection(SolutionConfigurationPlatforms) = preSolution
		Debug|Any CPU = Debug|Any CPU
		Release|Any CPU = Release|Any CPU
	EndGlobalSection
	GlobalSection(ProjectConfigurationPlatforms) = postSolution
		{82A69BC6-9369-40AC-82C9-648AAF2C15FA}.Debug|Any CPU.ActiveCfg = Debug|Any CPU
		{82A69BC6-9369-40AC-82C9-648AAF2C15FA}.Debug|Any CPU.Build.0 = Debug|Any CPU
		{82A69BC6-9369-40AC-82C9-648AAF2C15FA}.Release|Any CPU.ActiveCfg = Release|Any CPU
		{82A69BC6-9369-40AC-82C9-648AAF2C15FA}.Release|Any CPU.Build.0 = Release|Any CPU
		{000116CB-BCE6-4C4F-8FCD-C3AB99AD35DB}.Debug|Any CPU.ActiveCfg = Debug|Any CPU
		{000116CB-BCE6-4C4F-8FCD-C3AB99AD35DB}.Debug|Any CPU.Build.0 = Debug|Any CPU
		{000116CB-BCE6-4C4F-8FCD-C3AB99AD35DB}.Release|Any CPU.ActiveCfg = Release|Any CPU
		{000116CB-BCE6-4C4F-8FCD-C3AB99AD35DB}.Release|Any CPU.Build.0 = Release|Any CPU
	EndGlobalSection
	GlobalSection(SolutionProperties) = preSolution
		HideSolutionNode = FALSE
	EndGlobalSection
	GlobalSection(ExtensibilityGlobals) = postSolution
		SolutionGuid = {32BC87A0-CAE2-41C3-BA4F-488EACF64FE1}
	EndGlobalSection
EndGlobal
